// !$*UTF8*$!
{
	archiveVersion = 1;
	classes = {
	};
	objectVersion = 55;
	objects = {

/* Begin PBXBuildFile section */
		75E50F3EC255FAFBB2B2628F /* Pods_OrionTests.framework in Frameworks */ = {isa = PBXBuildFile; fileRef = 6B43268870A1E3230426DFF2 /* Pods_OrionTests.framework */; };
		8BBBEEBBDE81F7DE60691244 /* Pods_Orion_OrionUITests.framework in Frameworks */ = {isa = PBXBuildFile; fileRef = 616484828A0260BF6CBAD920 /* Pods_Orion_OrionUITests.framework */; };
		BC179914FEA78255660C0911 /* Pods_Orion.framework in Frameworks */ = {isa = PBXBuildFile; fileRef = 4CB4E79305A86350A47D8054 /* Pods_Orion.framework */; };
		F3020E9A2888A8400081E854 /* HomeFeedCell.m in Sources */ = {isa = PBXBuildFile; fileRef = F3020E992888A8400081E854 /* HomeFeedCell.m */; };
		F3020EA02888C7250081E854 /* Product.m in Sources */ = {isa = PBXBuildFile; fileRef = F3020E9F2888C7250081E854 /* Product.m */; };
		F3020EA32889CF870081E854 /* APIManager.m in Sources */ = {isa = PBXBuildFile; fileRef = F3020EA22889CF870081E854 /* APIManager.m */; };
		F313D034287E17AA007C2874 /* SettingsViewController.m in Sources */ = {isa = PBXBuildFile; fileRef = F313D033287E17AA007C2874 /* SettingsViewController.m */; };
		F339B7D22878DCF80048E229 /* AppDelegate.m in Sources */ = {isa = PBXBuildFile; fileRef = F339B7D12878DCF80048E229 /* AppDelegate.m */; };
		F339B7D52878DCF80048E229 /* SceneDelegate.m in Sources */ = {isa = PBXBuildFile; fileRef = F339B7D42878DCF80048E229 /* SceneDelegate.m */; };
		F339B7D82878DCF90048E229 /* LoginViewController.m in Sources */ = {isa = PBXBuildFile; fileRef = F339B7D72878DCF90048E229 /* LoginViewController.m */; };
		F339B7DB2878DCF90048E229 /* Main.storyboard in Resources */ = {isa = PBXBuildFile; fileRef = F339B7D92878DCF90048E229 /* Main.storyboard */; };
		F339B7DD2878DCF90048E229 /* Assets.xcassets in Resources */ = {isa = PBXBuildFile; fileRef = F339B7DC2878DCF90048E229 /* Assets.xcassets */; };
		F339B7E02878DCF90048E229 /* LaunchScreen.storyboard in Resources */ = {isa = PBXBuildFile; fileRef = F339B7DE2878DCF90048E229 /* LaunchScreen.storyboard */; };
		F339B7E32878DCF90048E229 /* main.m in Sources */ = {isa = PBXBuildFile; fileRef = F339B7E22878DCF90048E229 /* main.m */; };
		F339B7ED2878DCF90048E229 /* OrionTests.m in Sources */ = {isa = PBXBuildFile; fileRef = F339B7EC2878DCF90048E229 /* OrionTests.m */; };
		F339B7F72878DCF90048E229 /* OrionUITests.m in Sources */ = {isa = PBXBuildFile; fileRef = F339B7F62878DCF90048E229 /* OrionUITests.m */; };
		F339B7F92878DCF90048E229 /* OrionUITestsLaunchTests.m in Sources */ = {isa = PBXBuildFile; fileRef = F339B7F82878DCF90048E229 /* OrionUITestsLaunchTests.m */; };
		F37A794E2878E6FA00C765AF /* Keys.plist in Resources */ = {isa = PBXBuildFile; fileRef = F37A794D2878E6F900C765AF /* Keys.plist */; };
		F3A6B65D287CC8570014BA61 /* HomeFeedViewController.m in Sources */ = {isa = PBXBuildFile; fileRef = F3A6B65C287CC8570014BA61 /* HomeFeedViewController.m */; };
		F3C402DF287C98740061AC85 /* SignInViewController.m in Sources */ = {isa = PBXBuildFile; fileRef = F3C402DE287C98740061AC85 /* SignInViewController.m */; };
		F3C557A828821DDE00754E01 /* Query Manager.m in Sources */ = {isa = PBXBuildFile; fileRef = F3C557A728821DDE00754E01 /* Query Manager.m */; };
		F3DC293D2891C81B00ED72FD /* DetailsViewController.m in Sources */ = {isa = PBXBuildFile; fileRef = F3DC293C2891C81B00ED72FD /* DetailsViewController.m */; };
		F3DC2940289236F400ED72FD /* FilterViewController.m in Sources */ = {isa = PBXBuildFile; fileRef = F3DC293F289236F400ED72FD /* FilterViewController.m */; };
		F3DC2943289237CD00ED72FD /* CategoryCollectionViewCell.m in Sources */ = {isa = PBXBuildFile; fileRef = F3DC2942289237CD00ED72FD /* CategoryCollectionViewCell.m */; };
		F3DC2947289887FF00ED72FD /* CategorySpecificViewController.m in Sources */ = {isa = PBXBuildFile; fileRef = F3DC2946289887FF00ED72FD /* CategorySpecificViewController.m */; };
		F3DC294E28988A3700ED72FD /* TypeSpecificCells.m in Sources */ = {isa = PBXBuildFile; fileRef = F3DC294D28988A3700ED72FD /* TypeSpecificCells.m */; };
/* End PBXBuildFile section */

/* Begin PBXContainerItemProxy section */
		F339B7E92878DCF90048E229 /* PBXContainerItemProxy */ = {
			isa = PBXContainerItemProxy;
			containerPortal = F339B7C52878DCF80048E229 /* Project object */;
			proxyType = 1;
			remoteGlobalIDString = F339B7CC2878DCF80048E229;
			remoteInfo = Orion;
		};
		F339B7F32878DCF90048E229 /* PBXContainerItemProxy */ = {
			isa = PBXContainerItemProxy;
			containerPortal = F339B7C52878DCF80048E229 /* Project object */;
			proxyType = 1;
			remoteGlobalIDString = F339B7CC2878DCF80048E229;
			remoteInfo = Orion;
		};
/* End PBXContainerItemProxy section */

/* Begin PBXFileReference section */
		3A8E110DB944CF3CDBE3C680 /* Pods-Orion.debug.xcconfig */ = {isa = PBXFileReference; includeInIndex = 1; lastKnownFileType = text.xcconfig; name = "Pods-Orion.debug.xcconfig"; path = "Target Support Files/Pods-Orion/Pods-Orion.debug.xcconfig"; sourceTree = "<group>"; };
		3F85BFA1D626171888F84E97 /* Pods-OrionTests.release.xcconfig */ = {isa = PBXFileReference; includeInIndex = 1; lastKnownFileType = text.xcconfig; name = "Pods-OrionTests.release.xcconfig"; path = "Target Support Files/Pods-OrionTests/Pods-OrionTests.release.xcconfig"; sourceTree = "<group>"; };
		4CB4E79305A86350A47D8054 /* Pods_Orion.framework */ = {isa = PBXFileReference; explicitFileType = wrapper.framework; includeInIndex = 0; path = Pods_Orion.framework; sourceTree = BUILT_PRODUCTS_DIR; };
		4E1B520AF44209A0EF2A775B /* Pods-Orion-OrionUITests.debug.xcconfig */ = {isa = PBXFileReference; includeInIndex = 1; lastKnownFileType = text.xcconfig; name = "Pods-Orion-OrionUITests.debug.xcconfig"; path = "Target Support Files/Pods-Orion-OrionUITests/Pods-Orion-OrionUITests.debug.xcconfig"; sourceTree = "<group>"; };
		616484828A0260BF6CBAD920 /* Pods_Orion_OrionUITests.framework */ = {isa = PBXFileReference; explicitFileType = wrapper.framework; includeInIndex = 0; path = Pods_Orion_OrionUITests.framework; sourceTree = BUILT_PRODUCTS_DIR; };
		6B43268870A1E3230426DFF2 /* Pods_OrionTests.framework */ = {isa = PBXFileReference; explicitFileType = wrapper.framework; includeInIndex = 0; path = Pods_OrionTests.framework; sourceTree = BUILT_PRODUCTS_DIR; };
		9E78EFF264609A812B9D1E46 /* Pods-OrionTests.debug.xcconfig */ = {isa = PBXFileReference; includeInIndex = 1; lastKnownFileType = text.xcconfig; name = "Pods-OrionTests.debug.xcconfig"; path = "Target Support Files/Pods-OrionTests/Pods-OrionTests.debug.xcconfig"; sourceTree = "<group>"; };
		9EF1A583ED2C9210E5D94DB1 /* Pods-Orion-OrionUITests.release.xcconfig */ = {isa = PBXFileReference; includeInIndex = 1; lastKnownFileType = text.xcconfig; name = "Pods-Orion-OrionUITests.release.xcconfig"; path = "Target Support Files/Pods-Orion-OrionUITests/Pods-Orion-OrionUITests.release.xcconfig"; sourceTree = "<group>"; };
		D81CA25742D353E5F819921A /* Pods-Orion.release.xcconfig */ = {isa = PBXFileReference; includeInIndex = 1; lastKnownFileType = text.xcconfig; name = "Pods-Orion.release.xcconfig"; path = "Target Support Files/Pods-Orion/Pods-Orion.release.xcconfig"; sourceTree = "<group>"; };
		F3020E982888A8400081E854 /* HomeFeedCell.h */ = {isa = PBXFileReference; lastKnownFileType = sourcecode.c.h; path = HomeFeedCell.h; sourceTree = "<group>"; };
		F3020E992888A8400081E854 /* HomeFeedCell.m */ = {isa = PBXFileReference; lastKnownFileType = sourcecode.c.objc; path = HomeFeedCell.m; sourceTree = "<group>"; };
		F3020E9E2888C7250081E854 /* Product.h */ = {isa = PBXFileReference; lastKnownFileType = sourcecode.c.h; path = Product.h; sourceTree = "<group>"; };
		F3020E9F2888C7250081E854 /* Product.m */ = {isa = PBXFileReference; lastKnownFileType = sourcecode.c.objc; path = Product.m; sourceTree = "<group>"; };
		F3020EA12889CF870081E854 /* APIManager.h */ = {isa = PBXFileReference; lastKnownFileType = sourcecode.c.h; path = APIManager.h; sourceTree = "<group>"; };
		F3020EA22889CF870081E854 /* APIManager.m */ = {isa = PBXFileReference; lastKnownFileType = sourcecode.c.objc; path = APIManager.m; sourceTree = "<group>"; };
		F313D032287E17AA007C2874 /* SettingsViewController.h */ = {isa = PBXFileReference; lastKnownFileType = sourcecode.c.h; path = SettingsViewController.h; sourceTree = "<group>"; };
		F313D033287E17AA007C2874 /* SettingsViewController.m */ = {isa = PBXFileReference; lastKnownFileType = sourcecode.c.objc; path = SettingsViewController.m; sourceTree = "<group>"; };
		F339B7CD2878DCF80048E229 /* Orion.app */ = {isa = PBXFileReference; explicitFileType = wrapper.application; includeInIndex = 0; path = Orion.app; sourceTree = BUILT_PRODUCTS_DIR; };
		F339B7D02878DCF80048E229 /* AppDelegate.h */ = {isa = PBXFileReference; lastKnownFileType = sourcecode.c.h; path = AppDelegate.h; sourceTree = "<group>"; };
		F339B7D12878DCF80048E229 /* AppDelegate.m */ = {isa = PBXFileReference; lastKnownFileType = sourcecode.c.objc; path = AppDelegate.m; sourceTree = "<group>"; };
		F339B7D32878DCF80048E229 /* SceneDelegate.h */ = {isa = PBXFileReference; lastKnownFileType = sourcecode.c.h; path = SceneDelegate.h; sourceTree = "<group>"; };
		F339B7D42878DCF80048E229 /* SceneDelegate.m */ = {isa = PBXFileReference; lastKnownFileType = sourcecode.c.objc; path = SceneDelegate.m; sourceTree = "<group>"; };
		F339B7D62878DCF80048E229 /* LoginViewController.h */ = {isa = PBXFileReference; lastKnownFileType = sourcecode.c.h; path = LoginViewController.h; sourceTree = "<group>"; };
		F339B7D72878DCF90048E229 /* LoginViewController.m */ = {isa = PBXFileReference; lastKnownFileType = sourcecode.c.objc; path = LoginViewController.m; sourceTree = "<group>"; };
		F339B7DA2878DCF90048E229 /* Base */ = {isa = PBXFileReference; lastKnownFileType = file.storyboard; name = Base; path = Base.lproj/Main.storyboard; sourceTree = "<group>"; };
		F339B7DC2878DCF90048E229 /* Assets.xcassets */ = {isa = PBXFileReference; lastKnownFileType = folder.assetcatalog; path = Assets.xcassets; sourceTree = "<group>"; };
		F339B7DF2878DCF90048E229 /* Base */ = {isa = PBXFileReference; lastKnownFileType = file.storyboard; name = Base; path = Base.lproj/LaunchScreen.storyboard; sourceTree = "<group>"; };
		F339B7E12878DCF90048E229 /* Info.plist */ = {isa = PBXFileReference; lastKnownFileType = text.plist.xml; path = Info.plist; sourceTree = "<group>"; };
		F339B7E22878DCF90048E229 /* main.m */ = {isa = PBXFileReference; lastKnownFileType = sourcecode.c.objc; path = main.m; sourceTree = "<group>"; };
		F339B7E82878DCF90048E229 /* OrionTests.xctest */ = {isa = PBXFileReference; explicitFileType = wrapper.cfbundle; includeInIndex = 0; path = OrionTests.xctest; sourceTree = BUILT_PRODUCTS_DIR; };
		F339B7EC2878DCF90048E229 /* OrionTests.m */ = {isa = PBXFileReference; lastKnownFileType = sourcecode.c.objc; path = OrionTests.m; sourceTree = "<group>"; };
		F339B7F22878DCF90048E229 /* OrionUITests.xctest */ = {isa = PBXFileReference; explicitFileType = wrapper.cfbundle; includeInIndex = 0; path = OrionUITests.xctest; sourceTree = BUILT_PRODUCTS_DIR; };
		F339B7F62878DCF90048E229 /* OrionUITests.m */ = {isa = PBXFileReference; lastKnownFileType = sourcecode.c.objc; path = OrionUITests.m; sourceTree = "<group>"; };
		F339B7F82878DCF90048E229 /* OrionUITestsLaunchTests.m */ = {isa = PBXFileReference; lastKnownFileType = sourcecode.c.objc; path = OrionUITestsLaunchTests.m; sourceTree = "<group>"; };
		F37A794D2878E6F900C765AF /* Keys.plist */ = {isa = PBXFileReference; lastKnownFileType = text.plist.xml; path = Keys.plist; sourceTree = "<group>"; };
		F3A6B65B287CC8570014BA61 /* HomeFeedViewController.h */ = {isa = PBXFileReference; lastKnownFileType = sourcecode.c.h; path = HomeFeedViewController.h; sourceTree = "<group>"; };
		F3A6B65C287CC8570014BA61 /* HomeFeedViewController.m */ = {isa = PBXFileReference; lastKnownFileType = sourcecode.c.objc; path = HomeFeedViewController.m; sourceTree = "<group>"; };
		F3C402DD287C98740061AC85 /* SignInViewController.h */ = {isa = PBXFileReference; lastKnownFileType = sourcecode.c.h; path = SignInViewController.h; sourceTree = "<group>"; };
		F3C402DE287C98740061AC85 /* SignInViewController.m */ = {isa = PBXFileReference; lastKnownFileType = sourcecode.c.objc; path = SignInViewController.m; sourceTree = "<group>"; };
		F3C557A628821DDE00754E01 /* Query Manager.h */ = {isa = PBXFileReference; lastKnownFileType = sourcecode.c.h; path = "Query Manager.h"; sourceTree = "<group>"; };
		F3C557A728821DDE00754E01 /* Query Manager.m */ = {isa = PBXFileReference; lastKnownFileType = sourcecode.c.objc; path = "Query Manager.m"; sourceTree = "<group>"; };
		F3DC293B2891C81B00ED72FD /* DetailsViewController.h */ = {isa = PBXFileReference; lastKnownFileType = sourcecode.c.h; path = DetailsViewController.h; sourceTree = "<group>"; };
		F3DC293C2891C81B00ED72FD /* DetailsViewController.m */ = {isa = PBXFileReference; lastKnownFileType = sourcecode.c.objc; path = DetailsViewController.m; sourceTree = "<group>"; };
		F3DC293E289236F400ED72FD /* FilterViewController.h */ = {isa = PBXFileReference; lastKnownFileType = sourcecode.c.h; path = FilterViewController.h; sourceTree = "<group>"; };
		F3DC293F289236F400ED72FD /* FilterViewController.m */ = {isa = PBXFileReference; lastKnownFileType = sourcecode.c.objc; path = FilterViewController.m; sourceTree = "<group>"; };
		F3DC2941289237CD00ED72FD /* CategoryCollectionViewCell.h */ = {isa = PBXFileReference; lastKnownFileType = sourcecode.c.h; path = CategoryCollectionViewCell.h; sourceTree = "<group>"; };
		F3DC2942289237CD00ED72FD /* CategoryCollectionViewCell.m */ = {isa = PBXFileReference; lastKnownFileType = sourcecode.c.objc; path = CategoryCollectionViewCell.m; sourceTree = "<group>"; };
		F3DC2945289887FF00ED72FD /* CategorySpecificViewController.h */ = {isa = PBXFileReference; lastKnownFileType = sourcecode.c.h; path = CategorySpecificViewController.h; sourceTree = "<group>"; };
		F3DC2946289887FF00ED72FD /* CategorySpecificViewController.m */ = {isa = PBXFileReference; lastKnownFileType = sourcecode.c.objc; path = CategorySpecificViewController.m; sourceTree = "<group>"; };
		F3DC294C28988A3700ED72FD /* TypeSpecificCells.h */ = {isa = PBXFileReference; lastKnownFileType = sourcecode.c.h; path = TypeSpecificCells.h; sourceTree = "<group>"; };
		F3DC294D28988A3700ED72FD /* TypeSpecificCells.m */ = {isa = PBXFileReference; lastKnownFileType = sourcecode.c.objc; path = TypeSpecificCells.m; sourceTree = "<group>"; };
/* End PBXFileReference section */

/* Begin PBXFrameworksBuildPhase section */
		F339B7CA2878DCF80048E229 /* Frameworks */ = {
			isa = PBXFrameworksBuildPhase;
			buildActionMask = 2147483647;
			files = (
				BC179914FEA78255660C0911 /* Pods_Orion.framework in Frameworks */,
			);
			runOnlyForDeploymentPostprocessing = 0;
		};
		F339B7E52878DCF90048E229 /* Frameworks */ = {
			isa = PBXFrameworksBuildPhase;
			buildActionMask = 2147483647;
			files = (
				75E50F3EC255FAFBB2B2628F /* Pods_OrionTests.framework in Frameworks */,
			);
			runOnlyForDeploymentPostprocessing = 0;
		};
		F339B7EF2878DCF90048E229 /* Frameworks */ = {
			isa = PBXFrameworksBuildPhase;
			buildActionMask = 2147483647;
			files = (
				8BBBEEBBDE81F7DE60691244 /* Pods_Orion_OrionUITests.framework in Frameworks */,
			);
			runOnlyForDeploymentPostprocessing = 0;
		};
/* End PBXFrameworksBuildPhase section */

/* Begin PBXGroup section */
		420E84FF00D402331B34D587 /* Pods */ = {
			isa = PBXGroup;
			children = (
				3A8E110DB944CF3CDBE3C680 /* Pods-Orion.debug.xcconfig */,
				D81CA25742D353E5F819921A /* Pods-Orion.release.xcconfig */,
				4E1B520AF44209A0EF2A775B /* Pods-Orion-OrionUITests.debug.xcconfig */,
				9EF1A583ED2C9210E5D94DB1 /* Pods-Orion-OrionUITests.release.xcconfig */,
				9E78EFF264609A812B9D1E46 /* Pods-OrionTests.debug.xcconfig */,
				3F85BFA1D626171888F84E97 /* Pods-OrionTests.release.xcconfig */,
			);
			path = Pods;
			sourceTree = "<group>";
		};
		846705F1F542B71D818E62C3 /* Frameworks */ = {
			isa = PBXGroup;
			children = (
				4CB4E79305A86350A47D8054 /* Pods_Orion.framework */,
				616484828A0260BF6CBAD920 /* Pods_Orion_OrionUITests.framework */,
				6B43268870A1E3230426DFF2 /* Pods_OrionTests.framework */,
			);
			name = Frameworks;
			sourceTree = "<group>";
		};
		F3020E972888A6E30081E854 /* Home View */ = {
			isa = PBXGroup;
			children = (
				F3020E982888A8400081E854 /* HomeFeedCell.h */,
				F3020E992888A8400081E854 /* HomeFeedCell.m */,
			);
			name = "Home View";
			path = ..;
			sourceTree = "<group>";
		};
		F3020E9D2888C6B60081E854 /* Models */ = {
			isa = PBXGroup;
			children = (
				F3020E9E2888C7250081E854 /* Product.h */,
				F3020E9F2888C7250081E854 /* Product.m */,
			);
			path = Models;
			sourceTree = "<group>";
		};
		F339B7C42878DCF80048E229 = {
			isa = PBXGroup;
			children = (
				F339B7CF2878DCF80048E229 /* Orion */,
				F339B7EB2878DCF90048E229 /* OrionTests */,
				F339B7F52878DCF90048E229 /* OrionUITests */,
				F339B7CE2878DCF80048E229 /* Products */,
				420E84FF00D402331B34D587 /* Pods */,
				846705F1F542B71D818E62C3 /* Frameworks */,
			);
			sourceTree = "<group>";
		};
		F339B7CE2878DCF80048E229 /* Products */ = {
			isa = PBXGroup;
			children = (
				F339B7CD2878DCF80048E229 /* Orion.app */,
				F339B7E82878DCF90048E229 /* OrionTests.xctest */,
				F339B7F22878DCF90048E229 /* OrionUITests.xctest */,
			);
			name = Products;
			sourceTree = "<group>";
		};
		F339B7CF2878DCF80048E229 /* Orion */ = {
			isa = PBXGroup;
			children = (
				F339B8072878DF5C0048E229 /* View Controllers */,
				F339B8082878E0060048E229 /* API */,
				F339B8092878E0350048E229 /* Delegates */,
				F3C557AA28821DFD00754E01 /* Query */,
				F339B7D92878DCF90048E229 /* Main.storyboard */,
				F339B7DE2878DCF90048E229 /* LaunchScreen.storyboard */,
				F3020E9D2888C6B60081E854 /* Models */,
				F3DC2944289237DA00ED72FD /* Category View */,
				F3020E972888A6E30081E854 /* Home View */,
				F339B7DC2878DCF90048E229 /* Assets.xcassets */,
				F37A794D2878E6F900C765AF /* Keys.plist */,
				F339B7E12878DCF90048E229 /* Info.plist */,
				F339B7E22878DCF90048E229 /* main.m */,
			);
			path = Orion;
			sourceTree = "<group>";
		};
		F339B7EB2878DCF90048E229 /* OrionTests */ = {
			isa = PBXGroup;
			children = (
				F339B7EC2878DCF90048E229 /* OrionTests.m */,
			);
			path = OrionTests;
			sourceTree = "<group>";
		};
		F339B7F52878DCF90048E229 /* OrionUITests */ = {
			isa = PBXGroup;
			children = (
				F339B7F62878DCF90048E229 /* OrionUITests.m */,
				F339B7F82878DCF90048E229 /* OrionUITestsLaunchTests.m */,
			);
			path = OrionUITests;
			sourceTree = "<group>";
		};
		F339B8072878DF5C0048E229 /* View Controllers */ = {
			isa = PBXGroup;
			children = (
				F339B7D62878DCF80048E229 /* LoginViewController.h */,
				F339B7D72878DCF90048E229 /* LoginViewController.m */,
				F3C402DD287C98740061AC85 /* SignInViewController.h */,
				F3C402DE287C98740061AC85 /* SignInViewController.m */,
				F3A6B65B287CC8570014BA61 /* HomeFeedViewController.h */,
				F3A6B65C287CC8570014BA61 /* HomeFeedViewController.m */,
				F313D032287E17AA007C2874 /* SettingsViewController.h */,
				F313D033287E17AA007C2874 /* SettingsViewController.m */,
				F3DC293B2891C81B00ED72FD /* DetailsViewController.h */,
				F3DC293C2891C81B00ED72FD /* DetailsViewController.m */,
				F3DC293E289236F400ED72FD /* FilterViewController.h */,
				F3DC293F289236F400ED72FD /* FilterViewController.m */,
			);
			path = "View Controllers";
			sourceTree = "<group>";
		};
		F339B8082878E0060048E229 /* API */ = {
			isa = PBXGroup;
			children = (
				F3020EA12889CF870081E854 /* APIManager.h */,
				F3020EA22889CF870081E854 /* APIManager.m */,
			);
			path = API;
			sourceTree = "<group>";
		};
		F339B8092878E0350048E229 /* Delegates */ = {
			isa = PBXGroup;
			children = (
				F339B7D02878DCF80048E229 /* AppDelegate.h */,
				F339B7D12878DCF80048E229 /* AppDelegate.m */,
				F339B7D32878DCF80048E229 /* SceneDelegate.h */,
				F339B7D42878DCF80048E229 /* SceneDelegate.m */,
			);
			path = Delegates;
			sourceTree = "<group>";
		};
		F3C557AA28821DFD00754E01 /* Query */ = {
			isa = PBXGroup;
			children = (
				F3C557A628821DDE00754E01 /* Query Manager.h */,
				F3C557A728821DDE00754E01 /* Query Manager.m */,
			);
			path = Query;
			sourceTree = "<group>";
		};
		F3DC2944289237DA00ED72FD /* Category View */ = {
			isa = PBXGroup;
			children = (
				F3DC2941289237CD00ED72FD /* CategoryCollectionViewCell.h */,
				F3DC2942289237CD00ED72FD /* CategoryCollectionViewCell.m */,
				F3DC2945289887FF00ED72FD /* CategorySpecificViewController.h */,
				F3DC2946289887FF00ED72FD /* CategorySpecificViewController.m */,
				F3DC294B289889C700ED72FD /* Category Specific Cells */,
			);
			path = "Category View";
			sourceTree = "<group>";
		};
		F3DC294B289889C700ED72FD /* Category Specific Cells */ = {
			isa = PBXGroup;
			children = (
				F3DC294C28988A3700ED72FD /* TypeSpecificCells.h */,
				F3DC294D28988A3700ED72FD /* TypeSpecificCells.m */,
			);
			path = "Category Specific Cells";
			sourceTree = "<group>";
		};
/* End PBXGroup section */

/* Begin PBXNativeTarget section */
		F339B7CC2878DCF80048E229 /* Orion */ = {
			isa = PBXNativeTarget;
			buildConfigurationList = F339B7FC2878DCF90048E229 /* Build configuration list for PBXNativeTarget "Orion" */;
			buildPhases = (
				5484F7F3CE15AE2EDD9E2B92 /* [CP] Check Pods Manifest.lock */,
				F339B7C92878DCF80048E229 /* Sources */,
				F339B7CA2878DCF80048E229 /* Frameworks */,
				F339B7CB2878DCF80048E229 /* Resources */,
				1006003714FC0E78A4EAD6BF /* [CP] Embed Pods Frameworks */,
			);
			buildRules = (
			);
			dependencies = (
			);
			name = Orion;
			productName = Orion;
			productReference = F339B7CD2878DCF80048E229 /* Orion.app */;
			productType = "com.apple.product-type.application";
		};
		F339B7E72878DCF90048E229 /* OrionTests */ = {
			isa = PBXNativeTarget;
			buildConfigurationList = F339B7FF2878DCF90048E229 /* Build configuration list for PBXNativeTarget "OrionTests" */;
			buildPhases = (
				819D3179CE5B0F0ADF31A27E /* [CP] Check Pods Manifest.lock */,
				F339B7E42878DCF90048E229 /* Sources */,
				F339B7E52878DCF90048E229 /* Frameworks */,
				F339B7E62878DCF90048E229 /* Resources */,
			);
			buildRules = (
			);
			dependencies = (
				F339B7EA2878DCF90048E229 /* PBXTargetDependency */,
			);
			name = OrionTests;
			productName = OrionTests;
			productReference = F339B7E82878DCF90048E229 /* OrionTests.xctest */;
			productType = "com.apple.product-type.bundle.unit-test";
		};
		F339B7F12878DCF90048E229 /* OrionUITests */ = {
			isa = PBXNativeTarget;
			buildConfigurationList = F339B8022878DCF90048E229 /* Build configuration list for PBXNativeTarget "OrionUITests" */;
			buildPhases = (
				46B04E5881930414356A1DD4 /* [CP] Check Pods Manifest.lock */,
				F339B7EE2878DCF90048E229 /* Sources */,
				F339B7EF2878DCF90048E229 /* Frameworks */,
				F339B7F02878DCF90048E229 /* Resources */,
				86E4223E46FE2E10C3DC0650 /* [CP] Embed Pods Frameworks */,
			);
			buildRules = (
			);
			dependencies = (
				F339B7F42878DCF90048E229 /* PBXTargetDependency */,
			);
			name = OrionUITests;
			productName = OrionUITests;
			productReference = F339B7F22878DCF90048E229 /* OrionUITests.xctest */;
			productType = "com.apple.product-type.bundle.ui-testing";
		};
/* End PBXNativeTarget section */

/* Begin PBXProject section */
		F339B7C52878DCF80048E229 /* Project object */ = {
			isa = PBXProject;
			attributes = {
				BuildIndependentTargetsInParallel = 1;
				LastUpgradeCheck = 1340;
				TargetAttributes = {
					F339B7CC2878DCF80048E229 = {
						CreatedOnToolsVersion = 13.4.1;
					};
					F339B7E72878DCF90048E229 = {
						CreatedOnToolsVersion = 13.4.1;
						TestTargetID = F339B7CC2878DCF80048E229;
					};
					F339B7F12878DCF90048E229 = {
						CreatedOnToolsVersion = 13.4.1;
						TestTargetID = F339B7CC2878DCF80048E229;
					};
				};
			};
			buildConfigurationList = F339B7C82878DCF80048E229 /* Build configuration list for PBXProject "Orion" */;
			compatibilityVersion = "Xcode 13.0";
			developmentRegion = en;
			hasScannedForEncodings = 0;
			knownRegions = (
				en,
				Base,
			);
			mainGroup = F339B7C42878DCF80048E229;
			productRefGroup = F339B7CE2878DCF80048E229 /* Products */;
			projectDirPath = "";
			projectRoot = "";
			targets = (
				F339B7CC2878DCF80048E229 /* Orion */,
				F339B7E72878DCF90048E229 /* OrionTests */,
				F339B7F12878DCF90048E229 /* OrionUITests */,
			);
		};
/* End PBXProject section */

/* Begin PBXResourcesBuildPhase section */
		F339B7CB2878DCF80048E229 /* Resources */ = {
			isa = PBXResourcesBuildPhase;
			buildActionMask = 2147483647;
			files = (
				F37A794E2878E6FA00C765AF /* Keys.plist in Resources */,
				F339B7E02878DCF90048E229 /* LaunchScreen.storyboard in Resources */,
				F339B7DD2878DCF90048E229 /* Assets.xcassets in Resources */,
				F339B7DB2878DCF90048E229 /* Main.storyboard in Resources */,
			);
			runOnlyForDeploymentPostprocessing = 0;
		};
		F339B7E62878DCF90048E229 /* Resources */ = {
			isa = PBXResourcesBuildPhase;
			buildActionMask = 2147483647;
			files = (
			);
			runOnlyForDeploymentPostprocessing = 0;
		};
		F339B7F02878DCF90048E229 /* Resources */ = {
			isa = PBXResourcesBuildPhase;
			buildActionMask = 2147483647;
			files = (
			);
			runOnlyForDeploymentPostprocessing = 0;
		};
/* End PBXResourcesBuildPhase section */

/* Begin PBXShellScriptBuildPhase section */
		1006003714FC0E78A4EAD6BF /* [CP] Embed Pods Frameworks */ = {
			isa = PBXShellScriptBuildPhase;
			buildActionMask = 2147483647;
			files = (
			);
			inputFileListPaths = (
				"${PODS_ROOT}/Target Support Files/Pods-Orion/Pods-Orion-frameworks-${CONFIGURATION}-input-files.xcfilelist",
			);
			name = "[CP] Embed Pods Frameworks";
			outputFileListPaths = (
				"${PODS_ROOT}/Target Support Files/Pods-Orion/Pods-Orion-frameworks-${CONFIGURATION}-output-files.xcfilelist",
			);
			runOnlyForDeploymentPostprocessing = 0;
			shellPath = /bin/sh;
			shellScript = "\"${PODS_ROOT}/Target Support Files/Pods-Orion/Pods-Orion-frameworks.sh\"\n";
			showEnvVarsInLog = 0;
		};
		46B04E5881930414356A1DD4 /* [CP] Check Pods Manifest.lock */ = {
			isa = PBXShellScriptBuildPhase;
			buildActionMask = 2147483647;
			files = (
			);
			inputFileListPaths = (
			);
			inputPaths = (
				"${PODS_PODFILE_DIR_PATH}/Podfile.lock",
				"${PODS_ROOT}/Manifest.lock",
			);
			name = "[CP] Check Pods Manifest.lock";
			outputFileListPaths = (
			);
			outputPaths = (
				"$(DERIVED_FILE_DIR)/Pods-Orion-OrionUITests-checkManifestLockResult.txt",
			);
			runOnlyForDeploymentPostprocessing = 0;
			shellPath = /bin/sh;
			shellScript = "diff \"${PODS_PODFILE_DIR_PATH}/Podfile.lock\" \"${PODS_ROOT}/Manifest.lock\" > /dev/null\nif [ $? != 0 ] ; then\n    # print error to STDERR\n    echo \"error: The sandbox is not in sync with the Podfile.lock. Run 'pod install' or update your CocoaPods installation.\" >&2\n    exit 1\nfi\n# This output is used by Xcode 'outputs' to avoid re-running this script phase.\necho \"SUCCESS\" > \"${SCRIPT_OUTPUT_FILE_0}\"\n";
			showEnvVarsInLog = 0;
		};
		5484F7F3CE15AE2EDD9E2B92 /* [CP] Check Pods Manifest.lock */ = {
			isa = PBXShellScriptBuildPhase;
			buildActionMask = 2147483647;
			files = (
			);
			inputFileListPaths = (
			);
			inputPaths = (
				"${PODS_PODFILE_DIR_PATH}/Podfile.lock",
				"${PODS_ROOT}/Manifest.lock",
			);
			name = "[CP] Check Pods Manifest.lock";
			outputFileListPaths = (
			);
			outputPaths = (
				"$(DERIVED_FILE_DIR)/Pods-Orion-checkManifestLockResult.txt",
			);
			runOnlyForDeploymentPostprocessing = 0;
			shellPath = /bin/sh;
			shellScript = "diff \"${PODS_PODFILE_DIR_PATH}/Podfile.lock\" \"${PODS_ROOT}/Manifest.lock\" > /dev/null\nif [ $? != 0 ] ; then\n    # print error to STDERR\n    echo \"error: The sandbox is not in sync with the Podfile.lock. Run 'pod install' or update your CocoaPods installation.\" >&2\n    exit 1\nfi\n# This output is used by Xcode 'outputs' to avoid re-running this script phase.\necho \"SUCCESS\" > \"${SCRIPT_OUTPUT_FILE_0}\"\n";
			showEnvVarsInLog = 0;
		};
		819D3179CE5B0F0ADF31A27E /* [CP] Check Pods Manifest.lock */ = {
			isa = PBXShellScriptBuildPhase;
			buildActionMask = 2147483647;
			files = (
			);
			inputFileListPaths = (
			);
			inputPaths = (
				"${PODS_PODFILE_DIR_PATH}/Podfile.lock",
				"${PODS_ROOT}/Manifest.lock",
			);
			name = "[CP] Check Pods Manifest.lock";
			outputFileListPaths = (
			);
			outputPaths = (
				"$(DERIVED_FILE_DIR)/Pods-OrionTests-checkManifestLockResult.txt",
			);
			runOnlyForDeploymentPostprocessing = 0;
			shellPath = /bin/sh;
			shellScript = "diff \"${PODS_PODFILE_DIR_PATH}/Podfile.lock\" \"${PODS_ROOT}/Manifest.lock\" > /dev/null\nif [ $? != 0 ] ; then\n    # print error to STDERR\n    echo \"error: The sandbox is not in sync with the Podfile.lock. Run 'pod install' or update your CocoaPods installation.\" >&2\n    exit 1\nfi\n# This output is used by Xcode 'outputs' to avoid re-running this script phase.\necho \"SUCCESS\" > \"${SCRIPT_OUTPUT_FILE_0}\"\n";
			showEnvVarsInLog = 0;
		};
		86E4223E46FE2E10C3DC0650 /* [CP] Embed Pods Frameworks */ = {
			isa = PBXShellScriptBuildPhase;
			buildActionMask = 2147483647;
			files = (
			);
			inputFileListPaths = (
				"${PODS_ROOT}/Target Support Files/Pods-Orion-OrionUITests/Pods-Orion-OrionUITests-frameworks-${CONFIGURATION}-input-files.xcfilelist",
			);
			name = "[CP] Embed Pods Frameworks";
			outputFileListPaths = (
				"${PODS_ROOT}/Target Support Files/Pods-Orion-OrionUITests/Pods-Orion-OrionUITests-frameworks-${CONFIGURATION}-output-files.xcfilelist",
			);
			runOnlyForDeploymentPostprocessing = 0;
			shellPath = /bin/sh;
			shellScript = "\"${PODS_ROOT}/Target Support Files/Pods-Orion-OrionUITests/Pods-Orion-OrionUITests-frameworks.sh\"\n";
			showEnvVarsInLog = 0;
		};
/* End PBXShellScriptBuildPhase section */

/* Begin PBXSourcesBuildPhase section */
		F339B7C92878DCF80048E229 /* Sources */ = {
			isa = PBXSourcesBuildPhase;
			buildActionMask = 2147483647;
			files = (
				F3C402DF287C98740061AC85 /* SignInViewController.m in Sources */,
				F3020EA02888C7250081E854 /* Product.m in Sources */,
				F3A6B65D287CC8570014BA61 /* HomeFeedViewController.m in Sources */,
				F3DC2940289236F400ED72FD /* FilterViewController.m in Sources */,
				F3DC2943289237CD00ED72FD /* CategoryCollectionViewCell.m in Sources */,
				F3DC293D2891C81B00ED72FD /* DetailsViewController.m in Sources */,
				F339B7D82878DCF90048E229 /* LoginViewController.m in Sources */,
				F3DC2947289887FF00ED72FD /* CategorySpecificViewController.m in Sources */,
				F3C557A828821DDE00754E01 /* Query Manager.m in Sources */,
				F3DC294E28988A3700ED72FD /* TypeSpecificCells.m in Sources */,
				F339B7D22878DCF80048E229 /* AppDelegate.m in Sources */,
				F339B7E32878DCF90048E229 /* main.m in Sources */,
				F339B7D52878DCF80048E229 /* SceneDelegate.m in Sources */,
				F313D034287E17AA007C2874 /* SettingsViewController.m in Sources */,
				F3020E9A2888A8400081E854 /* HomeFeedCell.m in Sources */,
				F3020EA32889CF870081E854 /* APIManager.m in Sources */,
			);
			runOnlyForDeploymentPostprocessing = 0;
		};
		F339B7E42878DCF90048E229 /* Sources */ = {
			isa = PBXSourcesBuildPhase;
			buildActionMask = 2147483647;
			files = (
				F339B7ED2878DCF90048E229 /* OrionTests.m in Sources */,
			);
			runOnlyForDeploymentPostprocessing = 0;
		};
		F339B7EE2878DCF90048E229 /* Sources */ = {
			isa = PBXSourcesBuildPhase;
			buildActionMask = 2147483647;
			files = (
				F339B7F92878DCF90048E229 /* OrionUITestsLaunchTests.m in Sources */,
				F339B7F72878DCF90048E229 /* OrionUITests.m in Sources */,
			);
			runOnlyForDeploymentPostprocessing = 0;
		};
/* End PBXSourcesBuildPhase section */

/* Begin PBXTargetDependency section */
		F339B7EA2878DCF90048E229 /* PBXTargetDependency */ = {
			isa = PBXTargetDependency;
			target = F339B7CC2878DCF80048E229 /* Orion */;
			targetProxy = F339B7E92878DCF90048E229 /* PBXContainerItemProxy */;
		};
		F339B7F42878DCF90048E229 /* PBXTargetDependency */ = {
			isa = PBXTargetDependency;
			target = F339B7CC2878DCF80048E229 /* Orion */;
			targetProxy = F339B7F32878DCF90048E229 /* PBXContainerItemProxy */;
		};
/* End PBXTargetDependency section */

/* Begin PBXVariantGroup section */
		F339B7D92878DCF90048E229 /* Main.storyboard */ = {
			isa = PBXVariantGroup;
			children = (
				F339B7DA2878DCF90048E229 /* Base */,
			);
			name = Main.storyboard;
			sourceTree = "<group>";
		};
		F339B7DE2878DCF90048E229 /* LaunchScreen.storyboard */ = {
			isa = PBXVariantGroup;
			children = (
				F339B7DF2878DCF90048E229 /* Base */,
			);
			name = LaunchScreen.storyboard;
			sourceTree = "<group>";
		};
/* End PBXVariantGroup section */

/* Begin XCBuildConfiguration section */
		F339B7FA2878DCF90048E229 /* Debug */ = {
			isa = XCBuildConfiguration;
			buildSettings = {
				ALWAYS_SEARCH_USER_PATHS = NO;
				CLANG_ANALYZER_NONNULL = YES;
				CLANG_ANALYZER_NUMBER_OBJECT_CONVERSION = YES_AGGRESSIVE;
				CLANG_CXX_LANGUAGE_STANDARD = "gnu++17";
				CLANG_ENABLE_MODULES = YES;
				CLANG_ENABLE_OBJC_ARC = YES;
				CLANG_ENABLE_OBJC_WEAK = YES;
				CLANG_WARN_BLOCK_CAPTURE_AUTORELEASING = YES;
				CLANG_WARN_BOOL_CONVERSION = YES;
				CLANG_WARN_COMMA = YES;
				CLANG_WARN_CONSTANT_CONVERSION = YES;
				CLANG_WARN_DEPRECATED_OBJC_IMPLEMENTATIONS = YES;
				CLANG_WARN_DIRECT_OBJC_ISA_USAGE = YES_ERROR;
				CLANG_WARN_DOCUMENTATION_COMMENTS = YES;
				CLANG_WARN_EMPTY_BODY = YES;
				CLANG_WARN_ENUM_CONVERSION = YES;
				CLANG_WARN_INFINITE_RECURSION = YES;
				CLANG_WARN_INT_CONVERSION = YES;
				CLANG_WARN_NON_LITERAL_NULL_CONVERSION = YES;
				CLANG_WARN_OBJC_IMPLICIT_RETAIN_SELF = YES;
				CLANG_WARN_OBJC_LITERAL_CONVERSION = YES;
				CLANG_WARN_OBJC_ROOT_CLASS = YES_ERROR;
				CLANG_WARN_QUOTED_INCLUDE_IN_FRAMEWORK_HEADER = YES;
				CLANG_WARN_RANGE_LOOP_ANALYSIS = YES;
				CLANG_WARN_STRICT_PROTOTYPES = YES;
				CLANG_WARN_SUSPICIOUS_MOVE = YES;
				CLANG_WARN_UNGUARDED_AVAILABILITY = YES_AGGRESSIVE;
				CLANG_WARN_UNREACHABLE_CODE = YES;
				CLANG_WARN__DUPLICATE_METHOD_MATCH = YES;
				COPY_PHASE_STRIP = NO;
				DEBUG_INFORMATION_FORMAT = dwarf;
				ENABLE_STRICT_OBJC_MSGSEND = YES;
				ENABLE_TESTABILITY = YES;
				GCC_C_LANGUAGE_STANDARD = gnu11;
				GCC_DYNAMIC_NO_PIC = NO;
				GCC_NO_COMMON_BLOCKS = YES;
				GCC_OPTIMIZATION_LEVEL = 0;
				GCC_PREPROCESSOR_DEFINITIONS = (
					"DEBUG=1",
					"$(inherited)",
				);
				GCC_WARN_64_TO_32_BIT_CONVERSION = YES;
				GCC_WARN_ABOUT_RETURN_TYPE = YES_ERROR;
				GCC_WARN_UNDECLARED_SELECTOR = YES;
				GCC_WARN_UNINITIALIZED_AUTOS = YES_AGGRESSIVE;
				GCC_WARN_UNUSED_FUNCTION = YES;
				GCC_WARN_UNUSED_VARIABLE = YES;
				IPHONEOS_DEPLOYMENT_TARGET = 15.5;
				MTL_ENABLE_DEBUG_INFO = INCLUDE_SOURCE;
				MTL_FAST_MATH = YES;
				ONLY_ACTIVE_ARCH = YES;
				SDKROOT = iphoneos;
			};
			name = Debug;
		};
		F339B7FB2878DCF90048E229 /* Release */ = {
			isa = XCBuildConfiguration;
			buildSettings = {
				ALWAYS_SEARCH_USER_PATHS = NO;
				CLANG_ANALYZER_NONNULL = YES;
				CLANG_ANALYZER_NUMBER_OBJECT_CONVERSION = YES_AGGRESSIVE;
				CLANG_CXX_LANGUAGE_STANDARD = "gnu++17";
				CLANG_ENABLE_MODULES = YES;
				CLANG_ENABLE_OBJC_ARC = YES;
				CLANG_ENABLE_OBJC_WEAK = YES;
				CLANG_WARN_BLOCK_CAPTURE_AUTORELEASING = YES;
				CLANG_WARN_BOOL_CONVERSION = YES;
				CLANG_WARN_COMMA = YES;
				CLANG_WARN_CONSTANT_CONVERSION = YES;
				CLANG_WARN_DEPRECATED_OBJC_IMPLEMENTATIONS = YES;
				CLANG_WARN_DIRECT_OBJC_ISA_USAGE = YES_ERROR;
				CLANG_WARN_DOCUMENTATION_COMMENTS = YES;
				CLANG_WARN_EMPTY_BODY = YES;
				CLANG_WARN_ENUM_CONVERSION = YES;
				CLANG_WARN_INFINITE_RECURSION = YES;
				CLANG_WARN_INT_CONVERSION = YES;
				CLANG_WARN_NON_LITERAL_NULL_CONVERSION = YES;
				CLANG_WARN_OBJC_IMPLICIT_RETAIN_SELF = YES;
				CLANG_WARN_OBJC_LITERAL_CONVERSION = YES;
				CLANG_WARN_OBJC_ROOT_CLASS = YES_ERROR;
				CLANG_WARN_QUOTED_INCLUDE_IN_FRAMEWORK_HEADER = YES;
				CLANG_WARN_RANGE_LOOP_ANALYSIS = YES;
				CLANG_WARN_STRICT_PROTOTYPES = YES;
				CLANG_WARN_SUSPICIOUS_MOVE = YES;
				CLANG_WARN_UNGUARDED_AVAILABILITY = YES_AGGRESSIVE;
				CLANG_WARN_UNREACHABLE_CODE = YES;
				CLANG_WARN__DUPLICATE_METHOD_MATCH = YES;
				COPY_PHASE_STRIP = NO;
				DEBUG_INFORMATION_FORMAT = "dwarf-with-dsym";
				ENABLE_NS_ASSERTIONS = NO;
				ENABLE_STRICT_OBJC_MSGSEND = YES;
				GCC_C_LANGUAGE_STANDARD = gnu11;
				GCC_NO_COMMON_BLOCKS = YES;
				GCC_WARN_64_TO_32_BIT_CONVERSION = YES;
				GCC_WARN_ABOUT_RETURN_TYPE = YES_ERROR;
				GCC_WARN_UNDECLARED_SELECTOR = YES;
				GCC_WARN_UNINITIALIZED_AUTOS = YES_AGGRESSIVE;
				GCC_WARN_UNUSED_FUNCTION = YES;
				GCC_WARN_UNUSED_VARIABLE = YES;
				IPHONEOS_DEPLOYMENT_TARGET = 15.5;
				MTL_ENABLE_DEBUG_INFO = NO;
				MTL_FAST_MATH = YES;
				SDKROOT = iphoneos;
				VALIDATE_PRODUCT = YES;
			};
			name = Release;
		};
		F339B7FD2878DCF90048E229 /* Debug */ = {
			isa = XCBuildConfiguration;
			baseConfigurationReference = 3A8E110DB944CF3CDBE3C680 /* Pods-Orion.debug.xcconfig */;
			buildSettings = {
				ASSETCATALOG_COMPILER_APPICON_NAME = AppIcon;
				ASSETCATALOG_COMPILER_GLOBAL_ACCENT_COLOR_NAME = AccentColor;
				CODE_SIGN_STYLE = Automatic;
				CURRENT_PROJECT_VERSION = 1;
				DEVELOPMENT_TEAM = CP993F2VM3;
				GENERATE_INFOPLIST_FILE = YES;
				INFOPLIST_FILE = Orion/Info.plist;
				INFOPLIST_KEY_UIApplicationSupportsIndirectInputEvents = YES;
				INFOPLIST_KEY_UILaunchStoryboardName = LaunchScreen;
				INFOPLIST_KEY_UIMainStoryboardFile = Main;
				INFOPLIST_KEY_UISupportedInterfaceOrientations_iPad = "UIInterfaceOrientationPortrait UIInterfaceOrientationPortraitUpsideDown UIInterfaceOrientationLandscapeLeft UIInterfaceOrientationLandscapeRight";
				INFOPLIST_KEY_UISupportedInterfaceOrientations_iPhone = "UIInterfaceOrientationPortrait UIInterfaceOrientationLandscapeLeft UIInterfaceOrientationLandscapeRight";
				LD_RUNPATH_SEARCH_PATHS = (
					"$(inherited)",
					"@executable_path/Frameworks",
				);
				MARKETING_VERSION = 1.0;
				PRODUCT_BUNDLE_IDENTIFIER = com.mylesblock.Orion;
				PRODUCT_NAME = "$(TARGET_NAME)";
				SWIFT_EMIT_LOC_STRINGS = YES;
				TARGETED_DEVICE_FAMILY = "1,2";
			};
			name = Debug;
		};
		F339B7FE2878DCF90048E229 /* Release */ = {
			isa = XCBuildConfiguration;
			baseConfigurationReference = D81CA25742D353E5F819921A /* Pods-Orion.release.xcconfig */;
			buildSettings = {
				ASSETCATALOG_COMPILER_APPICON_NAME = AppIcon;
				ASSETCATALOG_COMPILER_GLOBAL_ACCENT_COLOR_NAME = AccentColor;
				CODE_SIGN_STYLE = Automatic;
				CURRENT_PROJECT_VERSION = 1;
				DEVELOPMENT_TEAM = CP993F2VM3;
				GENERATE_INFOPLIST_FILE = YES;
				INFOPLIST_FILE = Orion/Info.plist;
				INFOPLIST_KEY_UIApplicationSupportsIndirectInputEvents = YES;
				INFOPLIST_KEY_UILaunchStoryboardName = LaunchScreen;
				INFOPLIST_KEY_UIMainStoryboardFile = Main;
				INFOPLIST_KEY_UISupportedInterfaceOrientations_iPad = "UIInterfaceOrientationPortrait UIInterfaceOrientationPortraitUpsideDown UIInterfaceOrientationLandscapeLeft UIInterfaceOrientationLandscapeRight";
				INFOPLIST_KEY_UISupportedInterfaceOrientations_iPhone = "UIInterfaceOrientationPortrait UIInterfaceOrientationLandscapeLeft UIInterfaceOrientationLandscapeRight";
				LD_RUNPATH_SEARCH_PATHS = (
					"$(inherited)",
					"@executable_path/Frameworks",
				);
				MARKETING_VERSION = 1.0;
				PRODUCT_BUNDLE_IDENTIFIER = com.mylesblock.Orion;
				PRODUCT_NAME = "$(TARGET_NAME)";
				SWIFT_EMIT_LOC_STRINGS = YES;
				TARGETED_DEVICE_FAMILY = "1,2";
			};
			name = Release;
		};
		F339B8002878DCF90048E229 /* Debug */ = {
			isa = XCBuildConfiguration;
			baseConfigurationReference = 9E78EFF264609A812B9D1E46 /* Pods-OrionTests.debug.xcconfig */;
			buildSettings = {
				BUNDLE_LOADER = "$(TEST_HOST)";
				CODE_SIGN_STYLE = Automatic;
				CURRENT_PROJECT_VERSION = 1;
				GENERATE_INFOPLIST_FILE = YES;
				IPHONEOS_DEPLOYMENT_TARGET = 15.5;
				MARKETING_VERSION = 1.0;
				PRODUCT_BUNDLE_IDENTIFIER = com.mylesblock.OrionTests;
				PRODUCT_NAME = "$(TARGET_NAME)";
				SWIFT_EMIT_LOC_STRINGS = NO;
				TARGETED_DEVICE_FAMILY = "1,2";
				TEST_HOST = "$(BUILT_PRODUCTS_DIR)/Orion.app/Orion";
			};
			name = Debug;
		};
		F339B8012878DCF90048E229 /* Release */ = {
			isa = XCBuildConfiguration;
			baseConfigurationReference = 3F85BFA1D626171888F84E97 /* Pods-OrionTests.release.xcconfig */;
			buildSettings = {
				BUNDLE_LOADER = "$(TEST_HOST)";
				CODE_SIGN_STYLE = Automatic;
				CURRENT_PROJECT_VERSION = 1;
				GENERATE_INFOPLIST_FILE = YES;
				IPHONEOS_DEPLOYMENT_TARGET = 15.5;
				MARKETING_VERSION = 1.0;
				PRODUCT_BUNDLE_IDENTIFIER = com.mylesblock.OrionTests;
				PRODUCT_NAME = "$(TARGET_NAME)";
				SWIFT_EMIT_LOC_STRINGS = NO;
				TARGETED_DEVICE_FAMILY = "1,2";
				TEST_HOST = "$(BUILT_PRODUCTS_DIR)/Orion.app/Orion";
			};
			name = Release;
		};
		F339B8032878DCF90048E229 /* Debug */ = {
			isa = XCBuildConfiguration;
			baseConfigurationReference = 4E1B520AF44209A0EF2A775B /* Pods-Orion-OrionUITests.debug.xcconfig */;
			buildSettings = {
				CODE_SIGN_STYLE = Automatic;
				CURRENT_PROJECT_VERSION = 1;
				GENERATE_INFOPLIST_FILE = YES;
				MARKETING_VERSION = 1.0;
				PRODUCT_BUNDLE_IDENTIFIER = com.mylesblock.OrionUITests;
				PRODUCT_NAME = "$(TARGET_NAME)";
				SWIFT_EMIT_LOC_STRINGS = NO;
				TARGETED_DEVICE_FAMILY = "1,2";
				TEST_TARGET_NAME = Orion;
			};
			name = Debug;
		};
		F339B8042878DCF90048E229 /* Release */ = {
			isa = XCBuildConfiguration;
			baseConfigurationReference = 9EF1A583ED2C9210E5D94DB1 /* Pods-Orion-OrionUITests.release.xcconfig */;
			buildSettings = {
				CODE_SIGN_STYLE = Automatic;
				CURRENT_PROJECT_VERSION = 1;
				GENERATE_INFOPLIST_FILE = YES;
				MARKETING_VERSION = 1.0;
				PRODUCT_BUNDLE_IDENTIFIER = com.mylesblock.OrionUITests;
				PRODUCT_NAME = "$(TARGET_NAME)";
				SWIFT_EMIT_LOC_STRINGS = NO;
				TARGETED_DEVICE_FAMILY = "1,2";
				TEST_TARGET_NAME = Orion;
			};
			name = Release;
		};
/* End XCBuildConfiguration section */

/* Begin XCConfigurationList section */
		F339B7C82878DCF80048E229 /* Build configuration list for PBXProject "Orion" */ = {
			isa = XCConfigurationList;
			buildConfigurations = (
				F339B7FA2878DCF90048E229 /* Debug */,
				F339B7FB2878DCF90048E229 /* Release */,
			);
			defaultConfigurationIsVisible = 0;
			defaultConfigurationName = Release;
		};
		F339B7FC2878DCF90048E229 /* Build configuration list for PBXNativeTarget "Orion" */ = {
			isa = XCConfigurationList;
			buildConfigurations = (
				F339B7FD2878DCF90048E229 /* Debug */,
				F339B7FE2878DCF90048E229 /* Release */,
			);
			defaultConfigurationIsVisible = 0;
			defaultConfigurationName = Release;
		};
		F339B7FF2878DCF90048E229 /* Build configuration list for PBXNativeTarget "OrionTests" */ = {
			isa = XCConfigurationList;
			buildConfigurations = (
				F339B8002878DCF90048E229 /* Debug */,
				F339B8012878DCF90048E229 /* Release */,
			);
			defaultConfigurationIsVisible = 0;
			defaultConfigurationName = Release;
		};
		F339B8022878DCF90048E229 /* Build configuration list for PBXNativeTarget "OrionUITests" */ = {
			isa = XCConfigurationList;
			buildConfigurations = (
				F339B8032878DCF90048E229 /* Debug */,
				F339B8042878DCF90048E229 /* Release */,
			);
			defaultConfigurationIsVisible = 0;
			defaultConfigurationName = Release;
		};
/* End XCConfigurationList section */
	};
	rootObject = F339B7C52878DCF80048E229 /* Project object */;
}
